
Microsoft Visual Studio Solution File, Format Version 12.00
# Visual Studio Version 17
VisualStudioVersion = 17.0.31903.59
MinimumVisualStudioVersion = 10.0.40219.1
Project("{FAE04EC0-301F-11D3-BF4B-00C04F79EFBC}") = "Aplicacion", "Aplicacion\Aplicacion.csproj", "{920987A6-CFEC-4C13-8AD9-4789F82474D1}"
EndProject
Project("{FAE04EC0-301F-11D3-BF4B-00C04F79EFBC}") = "Consola", "Consola\Consola.csproj", "{E7F9D41F-8F43-4990-B868-3EE9C0F396BE}"
EndProject
Project("{FAE04EC0-301F-11D3-BF4B-00C04F79EFBC}") = "Repositorios", "Repositorios\Repositorios.csproj", "{1C8844E8-C9F8-451B-A6A8-AE0C6BB408F7}"
EndProject
Global
	GlobalSection(SolutionConfigurationPlatforms) = preSolution
		Debug|Any CPU = Debug|Any CPU
		Release|Any CPU = Release|Any CPU
	EndGlobalSection
	GlobalSection(SolutionProperties) = preSolution
		HideSolutionNode = FALSE
	EndGlobalSection
	GlobalSection(ProjectConfigurationPlatforms) = postSolution
		{920987A6-CFEC-4C13-8AD9-4789F82474D1}.Debug|Any CPU.ActiveCfg = Debug|Any CPU
		{920987A6-CFEC-4C13-8AD9-4789F82474D1}.Debug|Any CPU.Build.0 = Debug|Any CPU
		{920987A6-CFEC-4C13-8AD9-4789F82474D1}.Release|Any CPU.ActiveCfg = Release|Any CPU
		{920987A6-CFEC-4C13-8AD9-4789F82474D1}.Release|Any CPU.Build.0 = Release|Any CPU
		{E7F9D41F-8F43-4990-B868-3EE9C0F396BE}.Debug|Any CPU.ActiveCfg = Debug|Any CPU
		{E7F9D41F-8F43-4990-B868-3EE9C0F396BE}.Debug|Any CPU.Build.0 = Debug|Any CPU
		{E7F9D41F-8F43-4990-B868-3EE9C0F396BE}.Release|Any CPU.ActiveCfg = Release|Any CPU
		{E7F9D41F-8F43-4990-B868-3EE9C0F396BE}.Release|Any CPU.Build.0 = Release|Any CPU
		{1C8844E8-C9F8-451B-A6A8-AE0C6BB408F7}.Debug|Any CPU.ActiveCfg = Debug|Any CPU
		{1C8844E8-C9F8-451B-A6A8-AE0C6BB408F7}.Debug|Any CPU.Build.0 = Debug|Any CPU
		{1C8844E8-C9F8-451B-A6A8-AE0C6BB408F7}.Release|Any CPU.ActiveCfg = Release|Any CPU
		{1C8844E8-C9F8-451B-A6A8-AE0C6BB408F7}.Release|Any CPU.Build.0 = Release|Any CPU
	EndGlobalSection
EndGlobal
